{
  "version": 1,
  "dependencies": {
    "net9.0-windows10.0.19041": {
      "ConcurrencyLab.ParallelChecker": {
        "type": "Direct",
        "requested": "[2.7.0, )",
        "resolved": "2.7.0",
        "contentHash": "ydBfxgn7cMWywJNIFv4eIXWa08ze2+5o/GnEYLnpo4A+dC6nO0F+UxCbPyG1dYbVwsNO7EASKoo47hdb/0z+Vw=="
      },
      "Epoxy.Core.Wpf": {
        "type": "Direct",
        "requested": "[1.16.0, )",
        "resolved": "1.16.0",
        "contentHash": "uPRuKQMPqrq+H2OS+oiIEGlQ9gKp+r1xVYm/kDl5J5X1VBiGfSkXQdYimnWtRGVeuZMkMQYcv2pDNlxTBqfbCg=="
      },
      "Epoxy.Wpf": {
        "type": "Direct",
        "requested": "[1.16.0, )",
        "resolved": "1.16.0",
        "contentHash": "P+NRy/bq8COqNF4dFm8IbAKPiOJvqpwIBOaPg3VkHsLYnsU+boxnIHgRdwA1dZ5o4fQOWkY/r3nuUE1yS8+rog==",
        "dependencies": {
          "Epoxy.Build": "1.16.0",
          "Epoxy.Core.Wpf": "1.16.0"
        }
      },
      "ILRepack.Lib.MSBuild.Task": {
        "type": "Direct",
        "requested": "[2.0.43, )",
        "resolved": "2.0.43",
        "contentHash": "7oa+HoI7vwiPXzY6HVbMvUevr5Tn6ONoRRSHxRDW71hF8rFhLWQCCbgN9NWXUHhYJmKflv8Xgl4Jr4BFFpq1Gw=="
      },
      "Meziantou.Analyzer": {
        "type": "Direct",
        "requested": "[2.0.210, )",
        "resolved": "2.0.210",
        "contentHash": "c5x1jlgL+E6HRJcQQ6zwytR71iijs3cyYSUDT/HlH7k+wr8MxkfarjbodP6RxxfC7YNgqv/J7awnnd/nq0PqjQ=="
      },
      "Microsoft.CodeAnalysis.Analyzers": {
        "type": "Direct",
        "requested": "[4.14.0, )",
        "resolved": "4.14.0",
        "contentHash": "fCj+MzjJxN/4iYAz7JPLONGKeTomaZNzx4UgGA0AerTrx4Ou6Rw2J5YF4V51vWW+aSQSCv1nnAkCZUw5Z9+3zw=="
      },
      "Microsoft.VisualStudio.Threading.Analyzers": {
        "type": "Direct",
        "requested": "[17.14.15, )",
        "resolved": "17.14.15",
        "contentHash": "mXQPJsbuUD2ydq4/ffd8h8tSOFCXec+2xJOVNCvXjuMOq/+5EKHq3D2m2MC2+nUaXeFMSt66VS/J4HdKBixgcw=="
      },
      "MinVer": {
        "type": "Direct",
        "requested": "[6.0.0, )",
        "resolved": "6.0.0",
        "contentHash": "+/SsmiySsXJlvQLCGBqaZKNVt3s/Y/HbAdwtop7Km2CnuZbaScoqkWJEBQ5Cy9ebkn6kCYKrHsXgwrFdTgcb3g=="
      },
      "NetFabric.Hyperlinq.Analyzer": {
        "type": "Direct",
        "requested": "[2.3.0, )",
        "resolved": "2.3.0",
        "contentHash": "xckR4WhI4q8Oy2k88sair3UEL+qtI0QbWbMKmItVTHqu23C/oQHcZHR4NFTy07J2KOa8P0ad9T/6vAsm8v/8tA=="
      },
      "Newtonsoft.Json": {
        "type": "Direct",
        "requested": "[13.0.3, )",
        "resolved": "13.0.3",
        "contentHash": "HrC5BXdl00IP9zeV+0Z848QWPAoCr9P3bDEZguI+gkLcBKAOxix/tLEAAHC+UvDNPv4a2d18lOReHMOagPa+zQ=="
      },
      "ParallelHelper": {
        "type": "Direct",
        "requested": "[3.6.1, )",
        "resolved": "3.6.1",
        "contentHash": "MahaWXJPpYGQd6Pptjl3fOVomAelHQsmARv5VVx/gZTxIEuNMjjYoDn1Xp8Ov35Q1sCf8QEC8bN3ML/aaQR29g=="
      },
      "Roslynator.Analyzers": {
        "type": "Direct",
        "requested": "[4.14.0, )",
        "resolved": "4.14.0",
        "contentHash": "AEWQMrb1rcmjv9FGzrwYSBb4INhDhsauS+wwTumG0wq8N1Il+CIQHqUZJ7bt0zYJEA1qXSqgpg8Fgwc88WrR/Q=="
      },
      "Roslynator.CodeAnalysis.Analyzers": {
        "type": "Direct",
        "requested": "[4.14.0, )",
        "resolved": "4.14.0",
        "contentHash": "iUiC7mfaLWgUxnKyG90sCIwd4fLLrnDtOsVqh1PuAL+drDNi8If+2lG9B+gPjRrP/pYSfcu9TMRYSDMKOEpnoQ=="
      },
      "Roslynator.CodeFixes": {
        "type": "Direct",
        "requested": "[4.14.0, )",
        "resolved": "4.14.0",
        "contentHash": "m87fjcYq2hwu+yGD1mfR6vnSYagBjqTxr2vck2duh65LaoygPzlPaPM6P8dyGehBV/IFyQ7AGx9saILmwZ0eiw=="
      },
      "Roslynator.Formatting.Analyzers": {
        "type": "Direct",
        "requested": "[4.14.0, )",
        "resolved": "4.14.0",
        "contentHash": "qGxeOq3qYZQo3nxCPqcU+QX82k2iPnStoE4mwIU1nMlOiN8yciOrGKfU4v7UgBv66GRi6Sqoc0/UDXoSdP+e1Q=="
      },
      "Roslynator.Refactorings": {
        "type": "Direct",
        "requested": "[4.14.0, )",
        "resolved": "4.14.0",
        "contentHash": "82xOoSTlmd8CvkALPfqca7H/qz+J8yF7WWexxeEiAVQdUtZUgHGcY9EoJOikMZo5Xao8oJ/P2q/pi/3NQLYm3Q=="
      },
      "SatorImaging.StaticMemberAnalyzer": {
        "type": "Direct",
        "requested": "[2.0.0, )",
        "resolved": "2.0.0",
        "contentHash": "Hr9dYFT/KtNrbQJE5UTYj2ZTDCCwyXyRlZyGgODO2S3wZsZm+cyg6ygF01SrHQWFShgA1rimWEfVxGnswnGpeQ=="
      },
      "SharpSource": {
        "type": "Direct",
        "requested": "[1.27.1, )",
        "resolved": "1.27.1",
        "contentHash": "nKlI61IieDkVx0SDBnSAv/GX/zlr2DjKnRiZybUYT6M9G3YI7ff1cunDJvZ0iLlNwAlBLsGhZwzZop3GAWcGRQ=="
      },
      "SonarAnalyzer.CSharp": {
        "type": "Direct",
        "requested": "[9.16.0.82469, )",
        "resolved": "9.16.0.82469",
        "contentHash": "Lt8Ogx+O3fowiELb9Km/5LRW0GjgIccompIv8gOK8PDdAgh2ycWTfe/9RORmym2dsqmFNR3GqcB42vx7lLaqJg=="
      },
      "BigHelp.Http": {
        "type": "Transitive",
        "resolved": "0.3.2",
        "contentHash": "Upn0GJkdvlUD/qjPjRvHRCnzxyPQh7NPhveXx/uDGvRY0CsHBZz+i94rtp8+r31N3DVIkDONzOb2M0JWZja+6g=="
      },
      "ByteSize": {
        "type": "Transitive",
        "resolved": "2.1.1",
        "contentHash": "D+Y3NpbHrW21vZwwegeWf/8iAg2Mr0s7n1su8Ysho+O9dctJ5/EkWUi19QVxc6+nZl080gGTXBP/Nz0twSI3dA=="
      },
      "Dynamitey": {
        "type": "Transitive",
        "resolved": "3.0.3",
        "contentHash": "ocF4rRKgnmBkblk8RrgRP9YxxeJBvoaoCNLXgmUMgQCjZRw2v6Rtqxt5Kni6/TtbvICeWVN9X/69G5jltUEnbQ==",
        "dependencies": {
          "Microsoft.CSharp": "4.7.0",
          "System.ComponentModel": "4.3.0"
        }
      },
      "Epoxy.Build": {
        "type": "Transitive",
        "resolved": "1.16.0",
        "contentHash": "PNvp8mptRJRD/00psJEArvX2D6njofPVSqWrJlTgU3r2s1Kpauv4+GcO1Mg7AwXdbRqKtzXVSey7Xo/CGgU64g=="
      },
      "GithubReleaseDownloader": {
        "type": "Transitive",
        "resolved": "1.0.0",
        "contentHash": "NECWXaqKzIld+UvKLbPYtzfhNsnwJTAIuKnDzgrUO95wFxOrAJzmUMWUOUkDCweFmMsTE+HwslpR8RWTZ4ISTg==",
        "dependencies": {
          "BigHelp.Http": "0.3.2",
          "ByteSize": "2.1.1",
          "Newtonsoft.Json": "13.0.3"
        }
      },
      "ImpromptuInterface": {
        "type": "Transitive",
        "resolved": "8.0.6",
        "contentHash": "bo8oslg7bwQD8ODMDowVk5c4B+9ZhNHPfgvhmTBbNWLXyEDAwY0gAhgyEn297/eS1HSIHqqxjPcdhGcYvgSE0A==",
        "dependencies": {
          "Dynamitey": "3.0.3",
          "Microsoft.CSharp": "4.7.0",
          "System.Reflection.Emit": "4.7.0"
        }
      },
      "Mayerch1.GithubUpdateCheck": {
        "type": "Transitive",
        "resolved": "1.2.1",
        "contentHash": "NFeGkvEJFwQaOmgQWcC3pte9U3TKCFHrs193RegADVsr/BwvlCdbKnUOjZ9abvgbxxzsdKLidKNiltQxJvwW5A=="
      },
      "Microsoft.CSharp": {
        "type": "Transitive",
        "resolved": "4.7.0",
        "contentHash": "pTj+D3uJWyN3My70i2Hqo+OXixq3Os2D1nJ2x92FFo6sk8fYS1m1WLNTs0Dc1uPaViH0YvEEwvzddQ7y4rhXmA=="
      },
      "Microsoft.NETCore.Platforms": {
        "type": "Transitive",
        "resolved": "1.1.0",
        "contentHash": "kz0PEW2lhqygehI/d6XsPCQzD7ff7gUJaVGPVETX611eadGsA3A877GdSlU0LRVMCTH/+P3o2iDTak+S08V2+A=="
      },
      "Microsoft.NETCore.Targets": {
        "type": "Transitive",
        "resolved": "1.1.0",
        "contentHash": "aOZA3BWfz9RXjpzt0sRJJMjAscAUm3Hoa4UWAfceV9UTYxgwZ1lZt5nO2myFf+/jetYQo4uTP7zS8sJY67BBxg=="
      },
      "System.ComponentModel": {
        "type": "Transitive",
        "resolved": "4.3.0",
        "contentHash": "VyGn1jGRZVfxnh8EdvDCi71v3bMXrsu8aYJOwoV7SNDLVhiEqwP86pPMyRGsDsxhXAm2b3o9OIqeETfN5qfezw==",
        "dependencies": {
          "System.Runtime": "4.3.0"
        }
      },
      "System.Reflection.Emit": {
        "type": "Transitive",
        "resolved": "4.7.0",
        "contentHash": "VR4kk8XLKebQ4MZuKuIni/7oh+QGFmZW3qORd1GvBq/8026OpW501SzT/oypwiQl4TvT8ErnReh/NzY9u+C6wQ=="
      },
      "System.Runtime": {
        "type": "Transitive",
        "resolved": "4.3.0",
        "contentHash": "JufQi0vPQ0xGnAczR13AUFglDyVYt4Kqnz1AZaiKZ5+GICq0/1MH/mO/eAJHt/mHW1zjKBJd7kV26SrxddAhiw==",
        "dependencies": {
          "Microsoft.NETCore.Platforms": "1.1.0",
          "Microsoft.NETCore.Targets": "1.1.0"
        }
      },
      "ymmeutil.bridge": {
        "type": "Project",
        "dependencies": {
          "ImpromptuInterface": "[8.0.6, )",
          "YmmeUtil.Ymm4": "[0.1.0, )"
        }
      },
      "ymmeutil.common": {
        "type": "Project",
        "dependencies": {
          "GithubReleaseDownloader": "[1.0.0, )",
          "Mayerch1.GithubUpdateCheck": "[1.2.1, )"
        }
      },
      "ymmeutil.ymm4": {
        "type": "Project",
        "dependencies": {
          "ImpromptuInterface": "[8.0.6, )"
        }
      }
    }
  }
}