{
  "version": 1,
  "dependencies": {
    "net9.0-windows10.0.19041": {
      "Epoxy.Core.Wpf": {
        "type": "Direct",
        "requested": "[1.16.0, )",
        "resolved": "1.16.0",
        "contentHash": "uPRuKQMPqrq+H2OS+oiIEGlQ9gKp+r1xVYm/kDl5J5X1VBiGfSkXQdYimnWtRGVeuZMkMQYcv2pDNlxTBqfbCg=="
      },
      "Epoxy.Wpf": {
        "type": "Direct",
        "requested": "[1.16.0, )",
        "resolved": "1.16.0",
        "contentHash": "P+NRy/bq8COqNF4dFm8IbAKPiOJvqpwIBOaPg3VkHsLYnsU+boxnIHgRdwA1dZ5o4fQOWkY/r3nuUE1yS8+rog==",
        "dependencies": {
          "Epoxy.Build": "1.16.0",
          "Epoxy.Core.Wpf": "1.16.0"
        }
      },
      "ILRepack.Lib.MSBuild.Task": {
        "type": "Direct",
        "requested": "[2.0.43, )",
        "resolved": "2.0.43",
        "contentHash": "7oa+HoI7vwiPXzY6HVbMvUevr5Tn6ONoRRSHxRDW71hF8rFhLWQCCbgN9NWXUHhYJmKflv8Xgl4Jr4BFFpq1Gw=="
      },
      "Material.Icons.WPF": {
        "type": "Direct",
        "requested": "[2.4.1, )",
        "resolved": "2.4.1",
        "contentHash": "O1+DZVCLvSSHhYritL5t9glKvss0LrEe5RZ2e7O+oTBIQaiVswBmGFoZ+5oOhe+tg0Lp6K1n7f4H7RVS0mXw+Q==",
        "dependencies": {
          "Material.Icons": "2.4.1"
        }
      },
      "MinVer": {
        "type": "Direct",
        "requested": "[6.0.0, )",
        "resolved": "6.0.0",
        "contentHash": "+/SsmiySsXJlvQLCGBqaZKNVt3s/Y/HbAdwtop7Km2CnuZbaScoqkWJEBQ5Cy9ebkn6kCYKrHsXgwrFdTgcb3g=="
      },
      "Newtonsoft.Json": {
        "type": "Direct",
        "requested": "[13.0.3, )",
        "resolved": "13.0.3",
        "contentHash": "HrC5BXdl00IP9zeV+0Z848QWPAoCr9P3bDEZguI+gkLcBKAOxix/tLEAAHC+UvDNPv4a2d18lOReHMOagPa+zQ=="
      },
      "BigHelp.Http": {
        "type": "Transitive",
        "resolved": "0.3.2",
        "contentHash": "Upn0GJkdvlUD/qjPjRvHRCnzxyPQh7NPhveXx/uDGvRY0CsHBZz+i94rtp8+r31N3DVIkDONzOb2M0JWZja+6g=="
      },
      "ByteSize": {
        "type": "Transitive",
        "resolved": "2.1.1",
        "contentHash": "D+Y3NpbHrW21vZwwegeWf/8iAg2Mr0s7n1su8Ysho+O9dctJ5/EkWUi19QVxc6+nZl080gGTXBP/Nz0twSI3dA=="
      },
      "Dynamitey": {
        "type": "Transitive",
        "resolved": "3.0.3",
        "contentHash": "ocF4rRKgnmBkblk8RrgRP9YxxeJBvoaoCNLXgmUMgQCjZRw2v6Rtqxt5Kni6/TtbvICeWVN9X/69G5jltUEnbQ==",
        "dependencies": {
          "Microsoft.CSharp": "4.7.0",
          "System.ComponentModel": "4.3.0"
        }
      },
      "Epoxy.Build": {
        "type": "Transitive",
        "resolved": "1.16.0",
        "contentHash": "PNvp8mptRJRD/00psJEArvX2D6njofPVSqWrJlTgU3r2s1Kpauv4+GcO1Mg7AwXdbRqKtzXVSey7Xo/CGgU64g=="
      },
      "GithubReleaseDownloader": {
        "type": "Transitive",
        "resolved": "1.0.0",
        "contentHash": "NECWXaqKzIld+UvKLbPYtzfhNsnwJTAIuKnDzgrUO95wFxOrAJzmUMWUOUkDCweFmMsTE+HwslpR8RWTZ4ISTg==",
        "dependencies": {
          "BigHelp.Http": "0.3.2",
          "ByteSize": "2.1.1",
          "Newtonsoft.Json": "13.0.3"
        }
      },
      "ImpromptuInterface": {
        "type": "Transitive",
        "resolved": "8.0.6",
        "contentHash": "bo8oslg7bwQD8ODMDowVk5c4B+9ZhNHPfgvhmTBbNWLXyEDAwY0gAhgyEn297/eS1HSIHqqxjPcdhGcYvgSE0A==",
        "dependencies": {
          "Dynamitey": "3.0.3",
          "Microsoft.CSharp": "4.7.0",
          "System.Reflection.Emit": "4.7.0"
        }
      },
      "Material.Icons": {
        "type": "Transitive",
        "resolved": "2.4.1",
        "contentHash": "5/8ekF4GXqpluBF+kPfv3TytBpV5Z+h4CUU5iNCDC7+A9hPQvtn08ZUjMUXtcRGxGyfScHYDqzshzTvYiPTCdA=="
      },
      "Mayerch1.GithubUpdateCheck": {
        "type": "Transitive",
        "resolved": "1.2.1",
        "contentHash": "NFeGkvEJFwQaOmgQWcC3pte9U3TKCFHrs193RegADVsr/BwvlCdbKnUOjZ9abvgbxxzsdKLidKNiltQxJvwW5A=="
      },
      "Microsoft.CSharp": {
        "type": "Transitive",
        "resolved": "4.7.0",
        "contentHash": "pTj+D3uJWyN3My70i2Hqo+OXixq3Os2D1nJ2x92FFo6sk8fYS1m1WLNTs0Dc1uPaViH0YvEEwvzddQ7y4rhXmA=="
      },
      "Microsoft.NETCore.Platforms": {
        "type": "Transitive",
        "resolved": "1.1.0",
        "contentHash": "kz0PEW2lhqygehI/d6XsPCQzD7ff7gUJaVGPVETX611eadGsA3A877GdSlU0LRVMCTH/+P3o2iDTak+S08V2+A=="
      },
      "Microsoft.NETCore.Targets": {
        "type": "Transitive",
        "resolved": "1.1.0",
        "contentHash": "aOZA3BWfz9RXjpzt0sRJJMjAscAUm3Hoa4UWAfceV9UTYxgwZ1lZt5nO2myFf+/jetYQo4uTP7zS8sJY67BBxg=="
      },
      "System.ComponentModel": {
        "type": "Transitive",
        "resolved": "4.3.0",
        "contentHash": "VyGn1jGRZVfxnh8EdvDCi71v3bMXrsu8aYJOwoV7SNDLVhiEqwP86pPMyRGsDsxhXAm2b3o9OIqeETfN5qfezw==",
        "dependencies": {
          "System.Runtime": "4.3.0"
        }
      },
      "System.Reflection.Emit": {
        "type": "Transitive",
        "resolved": "4.7.0",
        "contentHash": "VR4kk8XLKebQ4MZuKuIni/7oh+QGFmZW3qORd1GvBq/8026OpW501SzT/oypwiQl4TvT8ErnReh/NzY9u+C6wQ=="
      },
      "System.Runtime": {
        "type": "Transitive",
        "resolved": "4.3.0",
        "contentHash": "JufQi0vPQ0xGnAczR13AUFglDyVYt4Kqnz1AZaiKZ5+GICq0/1MH/mO/eAJHt/mHW1zjKBJd7kV26SrxddAhiw==",
        "dependencies": {
          "Microsoft.NETCore.Platforms": "1.1.0",
          "Microsoft.NETCore.Targets": "1.1.0"
        }
      },
      "enterwell.clients.wpf.notifications": {
        "type": "Project"
      },
      "ymmeutil.bridge": {
        "type": "Project",
        "dependencies": {
          "ImpromptuInterface": "[8.0.6, )",
          "YmmeUtil.Ymm4": "[0.1.0, )"
        }
      },
      "ymmeutil.common": {
        "type": "Project",
        "dependencies": {
          "GithubReleaseDownloader": "[1.0.0, )",
          "Mayerch1.GithubUpdateCheck": "[1.2.1, )"
        }
      },
      "ymmeutil.ymm4": {
        "type": "Project",
        "dependencies": {
          "ImpromptuInterface": "[8.0.6, )"
        }
      }
    }
  }
}